
Microsoft Visual Studio Solution File, Format Version 12.00
# Visual Studio Version 17
VisualStudioVersion = 17.0.31717.71
MinimumVisualStudioVersion = 15.0.26124.0
Project("{9A19103F-16F7-4668-BE54-9A1E7A4F7556}") = "Cff.AlgebraicEffect", "Cff.AlgebraicEffect\Cff.AlgebraicEffect.csproj", "{43396DB5-F481-40D4-92B0-892BA46FAF89}"
EndProject
Project("{9A19103F-16F7-4668-BE54-9A1E7A4F7556}") = "Cff.AlgebraicEffect.Abstraction", "Cff.AlgebraicEffect.Abstraction\Cff.AlgebraicEffect.Abstraction.csproj", "{936E2F0D-BF35-4A15-8549-12FCCB432919}"
EndProject
Project("{9A19103F-16F7-4668-BE54-9A1E7A4F7556}") = "Cff.AlgebraicEffect.Http", "Cff.AlgebraicEffect.Http\Cff.AlgebraicEffect.Http.csproj", "{21D0C18B-14D6-4A47-A6BC-14EBECAF12B7}"
EndProject
Project("{9A19103F-16F7-4668-BE54-9A1E7A4F7556}") = "Cff.Service.Sqs", "Cff.Service.Sqs\Cff.Service.Sqs.csproj", "{7E1D6A8F-41F2-42E4-85B9-5FCC354FC1EB}"
EndProject
Global
	GlobalSection(SolutionConfigurationPlatforms) = preSolution
		Debug|Any CPU = Debug|Any CPU
		Release|Any CPU = Release|Any CPU
	EndGlobalSection
	GlobalSection(ProjectConfigurationPlatforms) = postSolution
		{43396DB5-F481-40D4-92B0-892BA46FAF89}.Debug|Any CPU.ActiveCfg = Debug|Any CPU
		{43396DB5-F481-40D4-92B0-892BA46FAF89}.Debug|Any CPU.Build.0 = Debug|Any CPU
		{43396DB5-F481-40D4-92B0-892BA46FAF89}.Release|Any CPU.ActiveCfg = Release|Any CPU
		{43396DB5-F481-40D4-92B0-892BA46FAF89}.Release|Any CPU.Build.0 = Release|Any CPU
		{936E2F0D-BF35-4A15-8549-12FCCB432919}.Debug|Any CPU.ActiveCfg = Debug|Any CPU
		{936E2F0D-BF35-4A15-8549-12FCCB432919}.Debug|Any CPU.Build.0 = Debug|Any CPU
		{936E2F0D-BF35-4A15-8549-12FCCB432919}.Release|Any CPU.ActiveCfg = Release|Any CPU
		{936E2F0D-BF35-4A15-8549-12FCCB432919}.Release|Any CPU.Build.0 = Release|Any CPU
		{21D0C18B-14D6-4A47-A6BC-14EBECAF12B7}.Debug|Any CPU.ActiveCfg = Debug|Any CPU
		{21D0C18B-14D6-4A47-A6BC-14EBECAF12B7}.Debug|Any CPU.Build.0 = Debug|Any CPU
		{21D0C18B-14D6-4A47-A6BC-14EBECAF12B7}.Release|Any CPU.ActiveCfg = Release|Any CPU
		{21D0C18B-14D6-4A47-A6BC-14EBECAF12B7}.Release|Any CPU.Build.0 = Release|Any CPU
		{7E1D6A8F-41F2-42E4-85B9-5FCC354FC1EB}.Debug|Any CPU.ActiveCfg = Debug|Any CPU
		{7E1D6A8F-41F2-42E4-85B9-5FCC354FC1EB}.Debug|Any CPU.Build.0 = Debug|Any CPU
		{7E1D6A8F-41F2-42E4-85B9-5FCC354FC1EB}.Release|Any CPU.ActiveCfg = Release|Any CPU
		{7E1D6A8F-41F2-42E4-85B9-5FCC354FC1EB}.Release|Any CPU.Build.0 = Release|Any CPU
	EndGlobalSection
	GlobalSection(SolutionProperties) = preSolution
		HideSolutionNode = FALSE
	EndGlobalSection
	GlobalSection(ExtensibilityGlobals) = postSolution
		SolutionGuid = {EBF86A4A-E639-4F62-AAEE-EAD045707B45}
	EndGlobalSection
EndGlobal
